# THIS IS AN AUTOGENERATED FILE. DO NOT EDIT THIS FILE DIRECTLY.
# yarn lockfile v1


"@ax/apax-build@0.4.1":
  version "0.4.1"
  resolved "https://apax-prod-734703289705.d.codeartifact.eu-central-1.amazonaws.com:443/npm/ax/@ax/apax-build/-/apax-build-0.4.1.tgz#634fd5faf0f1f63dfd731fbf66f031043873dee6"
  integrity sha512-WXA+SNLJpNknHaJt6gaF534flAkAR9HHat7aQg6Pn+ejG/q1a1a99UgLe/1egVSH+O/XOc0tU1N0tfSVfLXf7g==
  dependencies:
    "@ax/third-party-licenses-apax-build" "0.4.1"

"@ax/axunit-docs@1.5.4581":
  version "1.5.4581"
  resolved "https://apax-prod-734703289705.d.codeartifact.eu-central-1.amazonaws.com:443/npm/ax/@ax/axunit-docs/-/axunit-docs-1.5.4581.tgz#9852b0022afd3a45dd3c6a161a51072c1755befe"
  integrity sha512-0EmJu3Hl70rJxkUAfXzTwljHN1D1nTLCiYQ7NTIaTZAQ133AcpiSwIpCNuvmSv94W1TGQlsyL2/5zXX8mgKQ7w==

"@ax/axunit-library@1.5.4581":
  version "1.5.4581"
  resolved "https://apax-prod-734703289705.d.codeartifact.eu-central-1.amazonaws.com:443/npm/ax/@ax/axunit-library/-/axunit-library-1.5.4581.tgz#e362104db026f55006cf2124102ec35b6d31b9ec"
  integrity sha512-7RuRZlIUfUtGDKOOSkeU1XiTTX70WHfRrFSLnZnAiKPmnQKHXPw7NvGQvB4QxMlBvgheDNfibjcwKT0M3DAniA==

"@ax/axunit-llvm-runner-gen@1.5.4581":
  version "1.5.4581"
  resolved "https://apax-prod-734703289705.d.codeartifact.eu-central-1.amazonaws.com:443/npm/ax/@ax/axunit-llvm-runner-gen/-/axunit-llvm-runner-gen-1.5.4581.tgz#dffc1b806348f9e1e714149961afb83e1957b0ab"
  integrity sha512-y6uYIxD+yQFQ6k/mZ8StHp6ymWs2a/c1PD+bkI76IT3eNVcX72LpYw9pHaMZ1wbw4LwwBOuR6on3fsPYPF0D3w==

"@ax/axunit-runner-llvm-linux-x64@1.5.4581":
  version "1.5.4581"
  resolved "https://apax-prod-734703289705.d.codeartifact.eu-central-1.amazonaws.com:443/npm/ax/@ax/axunit-runner-llvm-linux-x64/-/axunit-runner-llvm-linux-x64-1.5.4581.tgz#f4ed5ab68b8e15161ddd41bcdbb4cf2b742419cd"
  integrity sha512-z8qAqH3HzD8y9Z+IbRAbLjo5qmRVBefufXojlRHOFQafjVg6sO64n0kLXFywFiyJACfI+Z0d1SEEwOoBL5gfvw==

"@ax/axunit-runner-llvm-win-x64@1.5.4581":
  version "1.5.4581"
  resolved "https://apax-prod-734703289705.d.codeartifact.eu-central-1.amazonaws.com:443/npm/ax/@ax/axunit-runner-llvm-win-x64/-/axunit-runner-llvm-win-x64-1.5.4581.tgz#9c8e47a6db6bfb7d51a21352c65f80066cc2e14c"
  integrity sha512-1g76pCL+2agf/adlubnR4480JpxQuZ4nFd4HczihmvZgkQFRbHdFF95i7fXcWm1M4G7OIPDGGFe0loiETfzCZg==

"@ax/axunit-runner-llvm@1.5.4581":
  version "1.5.4581"
  resolved "https://apax-prod-734703289705.d.codeartifact.eu-central-1.amazonaws.com:443/npm/ax/@ax/axunit-runner-llvm/-/axunit-runner-llvm-1.5.4581.tgz#c4386c945c4a83a5d8bb256a996590b6f6f7ca30"
  integrity sha512-GwjHerqcLMay7YVmSuBwh9qwgLGT9/MyPCvrrgVyKUKSjrgEc21RJrkDr2cLC+jEtoUVRhT+oH9KTgfuHJuEzg==
  optionalDependencies:
    "@ax/axunit-runner-llvm-linux-x64" "1.5.4581"
    "@ax/axunit-runner-llvm-win-x64" "1.5.4581"

"@ax/axunit-runner-mc7plus-win-x64@1.5.4581":
  version "1.5.4581"
  resolved "https://apax-prod-734703289705.d.codeartifact.eu-central-1.amazonaws.com:443/npm/ax/@ax/axunit-runner-mc7plus-win-x64/-/axunit-runner-mc7plus-win-x64-1.5.4581.tgz#abcaff9041a3a89facbf0a0269199c04185ec236"
  integrity sha512-YvTHI9KsYPurQBmJ+OraUOLK91UoKA0MkWXU9zcyj+DpzUJ9XvM0jh89Ko0ROINWs16qM1D42lJJJVPYb2SN+g==

"@ax/axunit-runner-mc7plus@1.5.4581":
  version "1.5.4581"
  resolved "https://apax-prod-734703289705.d.codeartifact.eu-central-1.amazonaws.com:443/npm/ax/@ax/axunit-runner-mc7plus/-/axunit-runner-mc7plus-1.5.4581.tgz#8bab20d26562968baf43633d5382946e1c944995"
  integrity sha512-7DhDInI2wjsRv6tGAZf9M1uYoB6zxM48r7rxf3taPzCql0ulLUakJ944F7hh0Q/9JyuJs9TJWhw3FEcE+7ICtw==
  optionalDependencies:
    "@ax/axunit-runner-mc7plus-win-x64" "1.5.4581"

"@ax/axunit@1.5.4581":
  version "1.5.4581"
  resolved "https://apax-prod-734703289705.d.codeartifact.eu-central-1.amazonaws.com:443/npm/ax/@ax/axunit/-/axunit-1.5.4581.tgz#c95766ee385c7d06aa111f34e5097aaebbfd40b0"
  integrity sha512-U15/K1uX6mwAuT1PRUmgT3DsVyaGgkfnYVBIcSiwAQol5/gigNoONlj1spYLHtnSNApHzvj9ibEPjN7u57doWA==
  dependencies:
    "@ax/axunit-docs" "1.5.4581"
    "@ax/axunit-library" "1.5.4581"
    "@ax/axunit-llvm-runner-gen" "1.5.4581"
    "@ax/axunit-runner-llvm" "1.5.4581"
    "@ax/axunit-runner-mc7plus" "1.5.4581"
    "@ax/build-native" "10.1.1"
    "@ax/target-axunit" "1.5.4581"

"@ax/build-native-linux@10.1.1":
  version "10.1.1"
  resolved "https://apax-prod-734703289705.d.codeartifact.eu-central-1.amazonaws.com:443/npm/ax/@ax/build-native-linux/-/build-native-linux-10.1.1.tgz#1a54ad440431aff7da010987e969b4af693dcb61"
  integrity sha512-dNNWZGLl8+CtHvojcU+7c3bLFKehkzulrpDdmxzRGq2cb1GwokoNPUBRqB0yQtbW0pTJkXvUAuI9qf8T48PTew==
  dependencies:
    "@ax/third-party-licenses-build-native" "10.1.1"

"@ax/build-native-winx64@10.1.1":
  version "10.1.1"
  resolved "https://apax-prod-734703289705.d.codeartifact.eu-central-1.amazonaws.com:443/npm/ax/@ax/build-native-winx64/-/build-native-winx64-10.1.1.tgz#ac7866efff3c3e468827aea9420721d85ac5c6eb"
  integrity sha512-kZnFeTxt+GoVeo+IXTqlGMRLt5iwwtSdpXpyPdyM5DAOAafU2pyBrl7ZkR8SOtwbTG7eXxGrHo5w/rMmhHLZkA==
  dependencies:
    "@ax/third-party-licenses-build-native" "10.1.1"

"@ax/build-native@10.1.1":
  version "10.1.1"
  resolved "https://apax-prod-734703289705.d.codeartifact.eu-central-1.amazonaws.com:443/npm/ax/@ax/build-native/-/build-native-10.1.1.tgz#faa2aeb23c10f9384d88c1f46398f2b4fbbfc972"
  integrity sha512-C1Pwo0dMa21gV1CbqT9umaurHPY4otd8dvlx7zVOlXfEmbgACort5u3K7TeWMNSLdsuBvfkivxrZNWsOkHTtAQ==
  dependencies:
    "@ax/third-party-licenses-build-native" "10.1.1"
  optionalDependencies:
    "@ax/build-native-linux" "10.1.1"
    "@ax/build-native-winx64" "10.1.1"

"@ax/diag-linux-x64@0.15.3":
  version "0.15.3"
  resolved "https://apax-prod-734703289705.d.codeartifact.eu-central-1.amazonaws.com:443/npm/ax/@ax/diag-linux-x64/-/diag-linux-x64-0.15.3.tgz#807929fda383f9cff08e2818c1fb0b0550f726a4"
  integrity sha512-kMvf0XolfWvsU6yJMNlPr3S0Gl+xon5RUZmBf1VrS0UaQMB97bZYzpuCcBXGLcYpfi3GlOVaKSxLq38JXkAuZA==
  dependencies:
    "@ax/third-party-licenses-monitor" "0.15.3"

"@ax/diag-win-x64@0.15.3":
  version "0.15.3"
  resolved "https://apax-prod-734703289705.d.codeartifact.eu-central-1.amazonaws.com:443/npm/ax/@ax/diag-win-x64/-/diag-win-x64-0.15.3.tgz#6d88e41ba32a79d6a815824081d87293f18d4432"
  integrity sha512-IYbQOxZxWu0yn+Ncj9B+m/SZC0uLA/WmGrY/O3Y+HV6T0ek4n/gvQGiz5J4ZSfCPJMygo54qC1oAxSE8LQeE6g==
  dependencies:
    "@ax/third-party-licenses-monitor" "0.15.3"

"@ax/diag@0.15.3":
  version "0.15.3"
  resolved "https://apax-prod-734703289705.d.codeartifact.eu-central-1.amazonaws.com:443/npm/ax/@ax/diag/-/diag-0.15.3.tgz#6732a71a0c1e2b429e5e67549af35d99b31343e3"
  integrity sha512-3V3sCXqvO6szF61XOsNzK/armgxMzHTMT48GebNXAKT+cw1P0Rhk2c6c0Z1lzH0KIoC7pCDFZ62VKaC1iyo2uQ==
  dependencies:
    "@ax/third-party-licenses-monitor" "0.15.3"
  optionalDependencies:
    "@ax/diag-linux-x64" "0.15.3"
    "@ax/diag-win-x64" "0.15.3"

"@ax/mod-linux-x64@0.15.5":
  version "0.15.5"
  resolved "https://apax-prod-734703289705.d.codeartifact.eu-central-1.amazonaws.com:443/npm/ax/@ax/mod-linux-x64/-/mod-linux-x64-0.15.5.tgz#6757df71c7c8bc3470926abbe786e51abf14ed49"
  integrity sha512-8G47xhysR40b2CJgZBq09nBQZ8Sc8nWUq8qiJAUoicUVRVA12hhq9qByAo43iemyKiV1B+YnDs1lXakveOnZyw==
  dependencies:
    "@ax/third-party-licenses-monitor" "0.15.5"

"@ax/mod-win-x64@0.15.5":
  version "0.15.5"
  resolved "https://apax-prod-734703289705.d.codeartifact.eu-central-1.amazonaws.com:443/npm/ax/@ax/mod-win-x64/-/mod-win-x64-0.15.5.tgz#7ae6e22ba22a0cbf3e8200c149bd294f5c7f3849"
  integrity sha512-xF9G4IJPA/zXzhOtFMNdfLa+YVdX50J7gFreEoNlkqyFeAgX0xWN6E+eAiCvg8CvFRF66KIIy6adrfwVkdqFpQ==
  dependencies:
    "@ax/third-party-licenses-monitor" "0.15.5"

"@ax/mod@0.15.5":
  version "0.15.5"
  resolved "https://apax-prod-734703289705.d.codeartifact.eu-central-1.amazonaws.com:443/npm/ax/@ax/mod/-/mod-0.15.5.tgz#8c7f0f2ef882275ad9cd9c80b76f185cb4f6efb9"
  integrity sha512-hHPyNZUO3T+6kk6ITps1EoJKn9jB3pUGVQKcE5TOidUkDme40CVZvUFLHQ6vK+Gxc/7qvEgHoq5ox7I63km/sg==
  dependencies:
    "@ax/third-party-licenses-monitor" "0.15.5"
  optionalDependencies:
    "@ax/mod-linux-x64" "0.15.5"
    "@ax/mod-win-x64" "0.15.5"

"@ax/mon-linux-x64@0.15.5":
  version "0.15.5"
  resolved "https://apax-prod-734703289705.d.codeartifact.eu-central-1.amazonaws.com:443/npm/ax/@ax/mon-linux-x64/-/mon-linux-x64-0.15.5.tgz#ec1005ee69bf2017d4ca5dba864ef16feeb005d3"
  integrity sha512-6gZY8D8kbyp1pt16RyYdvM5z0AcPzHRCrGblEZWHdXyWe0blll82F30STFmdxmU32zV848JtDJJQGBDGgH1FXQ==
  dependencies:
    "@ax/third-party-licenses-monitor" "0.15.5"

"@ax/mon-win-x64@0.15.5":
  version "0.15.5"
  resolved "https://apax-prod-734703289705.d.codeartifact.eu-central-1.amazonaws.com:443/npm/ax/@ax/mon-win-x64/-/mon-win-x64-0.15.5.tgz#bc2b27833bddd7d7e4140a256ddc18495c327abb"
  integrity sha512-29li1/gEehpDkO/djmrY6RXtynGYFRC5Wkgi9m4KahY4hXCbgt3EP15e0m7LonpqP0sOuzBg509ZYRzAty1S0A==
  dependencies:
    "@ax/third-party-licenses-monitor" "0.15.5"

"@ax/mon@0.15.5":
  version "0.15.5"
  resolved "https://apax-prod-734703289705.d.codeartifact.eu-central-1.amazonaws.com:443/npm/ax/@ax/mon/-/mon-0.15.5.tgz#12707ca8c82da4aaf01f44deb961f574be8bfa9b"
  integrity sha512-tlxC1eMdNWo3i7LNZ3cLd8muFkEezoqZtlJhU+t63hJMCYXjEGj8zsY7JdBiBvFQG1GOYmxmDKZVWL/0aQRDxg==
  dependencies:
    "@ax/third-party-licenses-monitor" "0.15.5"
  optionalDependencies:
    "@ax/mon-linux-x64" "0.15.5"
    "@ax/mon-win-x64" "0.15.5"

"@ax/sdb-linux-x64@0.15.5":
  version "0.15.5"
  resolved "https://apax-prod-734703289705.d.codeartifact.eu-central-1.amazonaws.com:443/npm/ax/@ax/sdb-linux-x64/-/sdb-linux-x64-0.15.5.tgz#eec51d3ece3ba18181e690bcb7f0dd6bbfd06d4c"
  integrity sha512-iaD1hRFHyk8QObWIgVSKfIavQSnpeJQRPKFeeTwKLr0Yvl0hy7uGKybRmKb5puQyBJfCEx3QZ23XemJcv5TL1w==
  dependencies:
    "@ax/third-party-licenses-monitor" "0.15.5"

"@ax/sdb-win-x64@0.15.5":
  version "0.15.5"
  resolved "https://apax-prod-734703289705.d.codeartifact.eu-central-1.amazonaws.com:443/npm/ax/@ax/sdb-win-x64/-/sdb-win-x64-0.15.5.tgz#bfdb861ceac9297c832473376029b024778f30ff"
  integrity sha512-GJEEcmQK7+OuUS22AXJ4/cCg9Ql7IHtAN0MU8xxaGrT4m5ltaxLAbnWq0351q55KLWRj62/CmbYLk+udre04bg==
  dependencies:
    "@ax/third-party-licenses-monitor" "0.15.5"

"@ax/sdb@0.15.5":
  version "0.15.5"
  resolved "https://apax-prod-734703289705.d.codeartifact.eu-central-1.amazonaws.com:443/npm/ax/@ax/sdb/-/sdb-0.15.5.tgz#9bfa40dea1957b016b5e57c4ac7f362a861d0788"
  integrity sha512-p6jpS3zvEn2d8WepFaOSZ4htaKSydNfZn/fjPvSLwrERbFp0BAtC1WO7rxhk3vZdO0e18Ytha1WfyBrffi4Z1Q==
  dependencies:
    "@ax/third-party-licenses-monitor" "0.15.5"
  optionalDependencies:
    "@ax/sdb-linux-x64" "0.15.5"
    "@ax/sdb-win-x64" "0.15.5"

"@ax/sdk@1.0.148":
  version "1.0.148"
  resolved "https://apax-prod-734703289705.d.codeartifact.eu-central-1.amazonaws.com:443/npm/ax/@ax/sdk/-/sdk-1.0.148.tgz#e53256f14b8af1e795c8c955bb4174e30b2e3990"
  integrity sha512-St/BygH93mEvzVkIY96LwEuXZq7icyRNDOcg+HBwmc5uc/DzNoIBscB8ZWpMyMvZXxq6SoGGUjh71Phj0ArB8w==
  dependencies:
    "@ax/axunit" "1.5.4581"
    "@ax/diag" "0.15.3"
    "@ax/st" "1.0.148"
    "@ax/target-llvm" "2.3.10"
    "@ax/target-mc7plus" "2.3.10"
  optionalDependencies:
    "@ax/mod" "0.15.5"
    "@ax/mon" "0.15.5"
    "@ax/sdb" "0.15.5"
    "@ax/sld" "0.10.5"

"@ax/sld-linux-x64@0.10.5":
  version "0.10.5"
  resolved "https://apax-prod-734703289705.d.codeartifact.eu-central-1.amazonaws.com:443/npm/ax/@ax/sld-linux-x64/-/sld-linux-x64-0.10.5.tgz#c8b58ddb15125f7f5093f91b7e5a62681c3937cf"
  integrity sha512-Lt1iB+tZG2IetU+rjm9v70FwtvRA/RLMTk9CDUjg8DYj0MH0m5bJzqfl5pYNzo0/RoT04p5+DmbSKXzULWULxg==
  dependencies:
    "@ax/third-party-licenses-plc-loader" "0.10.5"

"@ax/sld-win-x64@0.10.5":
  version "0.10.5"
  resolved "https://apax-prod-734703289705.d.codeartifact.eu-central-1.amazonaws.com:443/npm/ax/@ax/sld-win-x64/-/sld-win-x64-0.10.5.tgz#9e300970d3e3193dff795ae6d2b438f42666eb42"
  integrity sha512-FjxtYWuyyIbQLZiT3GdrvtJqDFKydnKHOfjMotAKGqjdh5EAqtDQbrZ1y4b9A3Lf5/6pXzh7wnaAbp8HLEUQSA==
  dependencies:
    "@ax/third-party-licenses-plc-loader" "0.10.5"

"@ax/sld@0.10.5":
  version "0.10.5"
  resolved "https://apax-prod-734703289705.d.codeartifact.eu-central-1.amazonaws.com:443/npm/ax/@ax/sld/-/sld-0.10.5.tgz#74598740693cdb3cb9cb88fa4162157ceff3cd0e"
  integrity sha512-/hjOkq/FmOzKDmjxSCaHBiUNSec6wZmMSfVdKoBDC8eWcA1ylmlsO5LfBGCYUbscyEmRN/4UKRDFkI2eMyCrcw==
  dependencies:
    "@ax/third-party-licenses-plc-loader" "0.10.5"
  optionalDependencies:
    "@ax/sld-linux-x64" "0.10.5"
    "@ax/sld-win-x64" "0.10.5"

"@ax/st-docs@2.3.10":
  version "2.3.10"
  resolved "https://apax-prod-734703289705.d.codeartifact.eu-central-1.amazonaws.com:443/npm/ax/@ax/st-docs/-/st-docs-2.3.10.tgz#ebe20a1768b88476d4f448f9389682dbcdad196c"
  integrity sha512-TxULTqML3PF0Q5RNl5yMZXFtClQ/CTpTIzbBvjrJHs2sKsSQiPrTZ8xofULhIFTV62vS0Kn29v0hcbymMtxt2g==
  dependencies:
    "@ax/third-party-licenses-st-compiler" "2.3.10"

"@ax/st@1.0.148":
  version "1.0.148"
  resolved "https://apax-prod-734703289705.d.codeartifact.eu-central-1.amazonaws.com:443/npm/ax/@ax/st/-/st-1.0.148.tgz#62ffbf743d665fd4feb08d1c322b5abc45122446"
  integrity sha512-z34vB80GTtePpP/YBDsiJAjJhiYtiChajfKnFXbD6kmBUuIZY15OO6cwSV+vO6TiRcInNg4peoPJRgZ1ppGxxw==
  dependencies:
    "@ax/apax-build" "0.4.1"
    "@ax/stc" "2.3.10"

"@ax/stc-linux-x64@2.3.10":
  version "2.3.10"
  resolved "https://apax-prod-734703289705.d.codeartifact.eu-central-1.amazonaws.com:443/npm/ax/@ax/stc-linux-x64/-/stc-linux-x64-2.3.10.tgz#8640f79bce3133888d2d6be076abea521f17507e"
  integrity sha512-PNtsba8o4M7aCXkLJkv7ySZT80bHdMq7w4C9t4f+7RKMY0PC2IzFAJUn02E0n95E78bqcXppMeDrB+f+lho3wA==
  dependencies:
    "@ax/st-docs" "2.3.10"
    "@ax/third-party-licenses-st-compiler" "2.3.10"

"@ax/stc-win-x64@2.3.10":
  version "2.3.10"
  resolved "https://apax-prod-734703289705.d.codeartifact.eu-central-1.amazonaws.com:443/npm/ax/@ax/stc-win-x64/-/stc-win-x64-2.3.10.tgz#f26eec276fb16eab7d57d57bc31d74b3f33bb82f"
  integrity sha512-UiQXmKp9R4tQpCM0lESYctJ8Us1k8uL2eYqNH++r8kZu32SzwaERDg45NGhVk4QpmSOhmZ/JODSK98SwacNPBg==
  dependencies:
    "@ax/st-docs" "2.3.10"
    "@ax/third-party-licenses-st-compiler" "2.3.10"

"@ax/stc@2.3.10":
  version "2.3.10"
  resolved "https://apax-prod-734703289705.d.codeartifact.eu-central-1.amazonaws.com:443/npm/ax/@ax/stc/-/stc-2.3.10.tgz#4c52ca2bbd4d2a324b21778b81e85c5bf782b088"
  integrity sha512-MgVC/UP+r4Whmnk/uxFVkYjX8x6vi4ANCGUihqLHkYyNko/CWAr3i/JHZRfEeD/HRRWtRksYyZe286TarVO+0w==
  dependencies:
    "@ax/third-party-licenses-st-compiler" "2.3.10"
  optionalDependencies:
    "@ax/stc-linux-x64" "2.3.10"
    "@ax/stc-win-x64" "2.3.10"

"@ax/system-math@1.0.32":
  version "1.0.32"
  resolved "https://apax-prod-734703289705.d.codeartifact.eu-central-1.amazonaws.com:443/npm/ax/@ax/system-math/-/system-math-1.0.32.tgz#d687db94e35aa3cc2259d7a3838d44ffce9de22f"
  integrity sha512-DO87l77JqcsbV6+87323QYnMxAFFmV1fNKTybSs6j/nC+SyCbonB04tXS1/0EnGMlP9eMCXgJmYRkQFTTcLgeQ==

"@ax/system-strings@2.0.13":
  version "2.0.13"
  resolved "https://apax-prod-734703289705.d.codeartifact.eu-central-1.amazonaws.com:443/npm/ax/@ax/system-strings/-/system-strings-2.0.13.tgz#036741934960260e86c586f780432ac3a3f44c8d"
  integrity sha512-fR4clDt1IF6ipZeifU4kHjeaJIzA4sxR4j5iRexiBCQQ1/Jn00skKZXhmsxJY3AmBOprk8cWlsz4PcAc0xA1bA==

"@ax/target-axunit@1.5.4581":
  version "1.5.4581"
  resolved "https://apax-prod-734703289705.d.codeartifact.eu-central-1.amazonaws.com:443/npm/ax/@ax/target-axunit/-/target-axunit-1.5.4581.tgz#dd777669ce50448faea8e857e868b05d747a0d8f"
  integrity sha512-OSqgvTUeznhTcdXWhdZV5AolKT2iZxYF9xzEuUsmiipUxRIb0Why8K7YycwPU4kmMysryq79KSc7UWWlLH5DLg==

"@ax/target-llvm-linux-x64@2.3.10":
  version "2.3.10"
  resolved "https://apax-prod-734703289705.d.codeartifact.eu-central-1.amazonaws.com:443/npm/ax/@ax/target-llvm-linux-x64/-/target-llvm-linux-x64-2.3.10.tgz#95dc34520e63bfe5959edae135d0004959a697f7"
  integrity sha512-55CZM7YxyBkE84ccFsjbukNbl0juVitmrNoNUflVx0yIGj8QlDF0mv+MGhbG8APGlZ2v6ECZeikO42jWqJqxvA==
  dependencies:
    "@ax/third-party-licenses-st-compiler" "2.3.10"

"@ax/target-llvm-win-x64@2.3.10":
  version "2.3.10"
  resolved "https://apax-prod-734703289705.d.codeartifact.eu-central-1.amazonaws.com:443/npm/ax/@ax/target-llvm-win-x64/-/target-llvm-win-x64-2.3.10.tgz#6663c17ded27ca11b9e802c7d94b47353934fb56"
  integrity sha512-PaYceRYc4PDtjAUcOoKJxS2TCmBWP7sLhidudfqkex7WneOsT/2iQccox+uts8GgIt9LAe63ORim4IMHLTuGdg==
  dependencies:
    "@ax/third-party-licenses-st-compiler" "2.3.10"

"@ax/target-llvm@2.3.10":
  version "2.3.10"
  resolved "https://apax-prod-734703289705.d.codeartifact.eu-central-1.amazonaws.com:443/npm/ax/@ax/target-llvm/-/target-llvm-2.3.10.tgz#c239a605932e9b9b6323aa2a8d4a7544d37838f0"
  integrity sha512-GVzmum81RefiCWUcxeJKrdg4Vst04r7MqJv+/NvAtPsTkkRp/TgE16nGpE4O4T6Q2nmXNfN8HqjRPBor0a7tEg==
  dependencies:
    "@ax/third-party-licenses-st-compiler" "2.3.10"
  optionalDependencies:
    "@ax/target-llvm-linux-x64" "2.3.10"
    "@ax/target-llvm-win-x64" "2.3.10"

"@ax/target-mc7plus-linux-x64@2.3.10":
  version "2.3.10"
  resolved "https://apax-prod-734703289705.d.codeartifact.eu-central-1.amazonaws.com:443/npm/ax/@ax/target-mc7plus-linux-x64/-/target-mc7plus-linux-x64-2.3.10.tgz#2f505388b48d977b6f9679e9810b9158be628225"
  integrity sha512-MY+NlMN81CoPyz0nOW4OmPTfBs5fkiPxgtNmOtKpS5v7dzPN8TWrkvZx57f1J3CuEnUIQ8syv3sULRHFKnU+EA==
  dependencies:
    "@ax/third-party-licenses-st-compiler" "2.3.10"

"@ax/target-mc7plus-win-x64@2.3.10":
  version "2.3.10"
  resolved "https://apax-prod-734703289705.d.codeartifact.eu-central-1.amazonaws.com:443/npm/ax/@ax/target-mc7plus-win-x64/-/target-mc7plus-win-x64-2.3.10.tgz#4454fccf810f61c214f8be2fd50028fbb6cf9189"
  integrity sha512-fHD2/gsqYcfnZCtUyBOmF3npdOFiegLy0PUgrOm4DYVW1P2plVlOxmD4AfGvlANY+Hm0gvZIsNXIqEh4P0+crw==
  dependencies:
    "@ax/third-party-licenses-st-compiler" "2.3.10"

"@ax/target-mc7plus@2.3.10":
  version "2.3.10"
  resolved "https://apax-prod-734703289705.d.codeartifact.eu-central-1.amazonaws.com:443/npm/ax/@ax/target-mc7plus/-/target-mc7plus-2.3.10.tgz#98399dbdabac353626fd5d22f5d274a2783f1c68"
  integrity sha512-P/z0el6HCOtUtlmiZutVJIIdSEqIMnYR+MsPirxexKfXX7Ru6H5R34KrSIPxaAezt0savC3iDtTMn1GG/+3PvQ==
  dependencies:
    "@ax/third-party-licenses-st-compiler" "2.3.10"
  optionalDependencies:
    "@ax/target-mc7plus-linux-x64" "2.3.10"
    "@ax/target-mc7plus-win-x64" "2.3.10"

"@ax/third-party-licenses-apax-build@0.4.1":
  version "0.4.1"
  resolved "https://apax-prod-734703289705.d.codeartifact.eu-central-1.amazonaws.com:443/npm/ax/@ax/third-party-licenses-apax-build/-/third-party-licenses-apax-build-0.4.1.tgz#50a21469262f3fd90da6e3b9af9b44bdaea785ec"
  integrity sha512-/YgYAtdgvpRdwAKfRBcn+/ghDSEkUy6apvVqAbz0BiGseq1L5EhRbe0E2O6aoylo4gykGv0ZvzztJw+sf4Ch7Q==

"@ax/third-party-licenses-build-native@10.1.1":
  version "10.1.1"
  resolved "https://apax-prod-734703289705.d.codeartifact.eu-central-1.amazonaws.com:443/npm/ax/@ax/third-party-licenses-build-native/-/third-party-licenses-build-native-10.1.1.tgz#38ddd4758fd854bab71fd8213090a66b051c4502"
  integrity sha512-Da+AT0KujH3K9bKf4K4rqPA3Z+a/WDkw9p6328AlrSqgBIUFyUZzOM3eVOwhhjKCnmNAVSmtSp0r7crDFGICTw==

"@ax/third-party-licenses-monitor@0.15.3":
  version "0.15.3"
  resolved "https://apax-prod-734703289705.d.codeartifact.eu-central-1.amazonaws.com:443/npm/ax/@ax/third-party-licenses-monitor/-/third-party-licenses-monitor-0.15.3.tgz#58ed6294bfe16301a9adcaed9536daf80612669a"
  integrity sha512-ropfzKOyt/5vx0GL8fa+BeNTSxmh1KOsyGAzXxP/M6/gChLIKAWbr+ng/mE3QFEUbQyaiV3HXA7PJafEtLGMCw==

"@ax/third-party-licenses-monitor@0.15.5":
  version "0.15.5"
  resolved "https://apax-prod-734703289705.d.codeartifact.eu-central-1.amazonaws.com:443/npm/ax/@ax/third-party-licenses-monitor/-/third-party-licenses-monitor-0.15.5.tgz#0392a5b0333b31e4ff1db061ddfc8ecdcc375b39"
  integrity sha512-pMgEeWEDOJdTMv14ZPsN0tLIav83iuU8Qi5lVQ3wTG+WSqo4NyW+pMJvFiJ3bH4KTYARWA8qcAMh8TZMl4XX8g==

"@ax/third-party-licenses-plc-loader@0.10.5":
  version "0.10.5"
  resolved "https://apax-prod-734703289705.d.codeartifact.eu-central-1.amazonaws.com:443/npm/ax/@ax/third-party-licenses-plc-loader/-/third-party-licenses-plc-loader-0.10.5.tgz#0b6c66dd30e12ed1b156b6f6d9aa177220635cf6"
  integrity sha512-AWVvtxtHYro2evewcdviPa9+QBiWiSx46Dql1vUNN+znKTk6e7rTICRovquc3z0pTIyvxGfQl43JpbkBw6XWhg==

"@ax/third-party-licenses-st-compiler@2.3.10":
  version "2.3.10"
  resolved "https://apax-prod-734703289705.d.codeartifact.eu-central-1.amazonaws.com:443/npm/ax/@ax/third-party-licenses-st-compiler/-/third-party-licenses-st-compiler-2.3.10.tgz#d77dca6149842b35d7d1901e964539960b9c01d7"
  integrity sha512-vNx4Jof+vUOSZbu5Te36Ouxjo3Ipldk1PD7jxfa1gOXj8XEtx1DmX8/ahNb5knmvzbG1BVjNlKM1epTXrHZkSg==

"@simatic-ax/snippetscollection@0.0.6":
  version "0.0.6"
  resolved "https://npm.pkg.github.com/download/@simatic-ax/snippetscollection/0.0.6/0c5dfb121a478816973432d8fefd7c4868da78031f8fe12eeacb067e6a7656b4#9bfb71c62d44e7b95ab0798e9ac46366290884fc"
  integrity sha512-BohhLC7n3pHP5QRPaNXbt0tQXNgGKvuWBsohJ+Jzj+tgOU9o6K6i6l8CHaTsFev5Lq0I08jRyfIdCJ/gfJy+BA==
