# THIS IS AN AUTOGENERATED FILE. DO NOT EDIT THIS FILE DIRECTLY.
# yarn lockfile v1


"@ax/apax-build@0.4.1":
  version "0.4.1"
  resolved "https://apax-prod-734703289705.d.codeartifact.eu-central-1.amazonaws.com:443/npm/ax/@ax/apax-build/-/apax-build-0.4.1.tgz#634fd5faf0f1f63dfd731fbf66f031043873dee6"
  integrity sha512-WXA+SNLJpNknHaJt6gaF534flAkAR9HHat7aQg6Pn+ejG/q1a1a99UgLe/1egVSH+O/XOc0tU1N0tfSVfLXf7g==
  dependencies:
    "@ax/third-party-licenses-apax-build" "0.4.1"

"@ax/axunit-docs@1.5.4496":
  version "1.5.4496"
  resolved "https://apax-prod-734703289705.d.codeartifact.eu-central-1.amazonaws.com:443/npm/ax/@ax/axunit-docs/-/axunit-docs-1.5.4496.tgz#d1237ebb7d2d34f196992710843f9d949e556bc1"
  integrity sha512-ebSD/1OvwLAqTE4thYcJmK8ooLo2KKGcsogXV7F1tzol5D7MQlJj3UyiAVxLNbi4ejMsS7rxGdPE9NSNTYFfIg==

"@ax/axunit-library@1.5.4496":
  version "1.5.4496"
  resolved "https://apax-prod-734703289705.d.codeartifact.eu-central-1.amazonaws.com:443/npm/ax/@ax/axunit-library/-/axunit-library-1.5.4496.tgz#c371cdad0afb9ad7a3972039f72784331ef86f82"
  integrity sha512-HXAQJOillElPMAHzj4Im9gNghT3+Xza/8+/lN3l1vDYIHOORyXiHZXaEn5/H3+wghpAkCesZ1yg7TRqJYp6rJg==

"@ax/axunit-llvm-runner-gen@1.5.4496":
  version "1.5.4496"
  resolved "https://apax-prod-734703289705.d.codeartifact.eu-central-1.amazonaws.com:443/npm/ax/@ax/axunit-llvm-runner-gen/-/axunit-llvm-runner-gen-1.5.4496.tgz#604a1110b069243ef0f8ae3db629f7c90c9aa1cb"
  integrity sha512-r+WRcwYmSrrL78PJyhz02KQ8vawjz6BGU3YM+UyFZEqu55ldHiBU+iJ20nQbQYSL5G8V/knsf4TjCfazUuh7tw==

"@ax/axunit-runner-llvm-linux-x64@1.5.4496":
  version "1.5.4496"
  resolved "https://apax-prod-734703289705.d.codeartifact.eu-central-1.amazonaws.com:443/npm/ax/@ax/axunit-runner-llvm-linux-x64/-/axunit-runner-llvm-linux-x64-1.5.4496.tgz#dfd5abd88fecc00a7595619b58f9300e217f3bde"
  integrity sha512-MUaCBd+kg7QLPqjSxSoM70+s39dADkRABmsId6A5LD5zpYxESFE5iOcQZ/MVRbT6Kl6bA+OrO9d4CBsL8mTh3A==

"@ax/axunit-runner-llvm-win-x64@1.5.4496":
  version "1.5.4496"
  resolved "https://apax-prod-734703289705.d.codeartifact.eu-central-1.amazonaws.com:443/npm/ax/@ax/axunit-runner-llvm-win-x64/-/axunit-runner-llvm-win-x64-1.5.4496.tgz#e2207a1b59a3f143308677b21eb4ca50ba8c5707"
  integrity sha512-1XScuR8ZYtgOeFxePTrBVgQS6d6qa5UxeqmPfMzeQwMADxmLcgZnIMUqboL4Qj4Bb+wODxIO2WLry5uxXNAp0Q==

"@ax/axunit-runner-llvm@1.5.4496":
  version "1.5.4496"
  resolved "https://apax-prod-734703289705.d.codeartifact.eu-central-1.amazonaws.com:443/npm/ax/@ax/axunit-runner-llvm/-/axunit-runner-llvm-1.5.4496.tgz#635e48f0f70b777c1d173f5b2fe3a52fce6c8112"
  integrity sha512-cIno2ya1hoZFxdNnq9xzYHmdtIdvD1b84nxXZDX6LbXtF1uEMlvLlRM9kyGnl/Q2+apoQvwGrAl4kT11llGJfQ==
  optionalDependencies:
    "@ax/axunit-runner-llvm-linux-x64" "1.5.4496"
    "@ax/axunit-runner-llvm-win-x64" "1.5.4496"

"@ax/axunit-runner-mc7plus-win-x64@1.5.4496":
  version "1.5.4496"
  resolved "https://apax-prod-734703289705.d.codeartifact.eu-central-1.amazonaws.com:443/npm/ax/@ax/axunit-runner-mc7plus-win-x64/-/axunit-runner-mc7plus-win-x64-1.5.4496.tgz#ff21cd4413f1948d5f6d27282a76cb7cd563e237"
  integrity sha512-IwvchWbdmbj4/sn2k3ybI/2go0Tduf3Om35kG/ELyARQgSABcQf7Nu9s3LrKLw78ffhAoCIjRqfALfADrldkhw==

"@ax/axunit-runner-mc7plus@1.5.4496":
  version "1.5.4496"
  resolved "https://apax-prod-734703289705.d.codeartifact.eu-central-1.amazonaws.com:443/npm/ax/@ax/axunit-runner-mc7plus/-/axunit-runner-mc7plus-1.5.4496.tgz#37a325aa8411d3b100fc0e492bc9f6e978c85c3c"
  integrity sha512-W+IkKFT17hljObWK/5l92aT7y0GbkiHnhwaa/DCMaTLq0qoX2FTQdID2s8GaB0A4UdEPebtvQoVGL0FB1peF3A==
  optionalDependencies:
    "@ax/axunit-runner-mc7plus-win-x64" "1.5.4496"

"@ax/axunit@1.5.4496":
  version "1.5.4496"
  resolved "https://apax-prod-734703289705.d.codeartifact.eu-central-1.amazonaws.com:443/npm/ax/@ax/axunit/-/axunit-1.5.4496.tgz#c9ba41cf3eb44b3f06149a749df9bf2ff0446974"
  integrity sha512-9zmOcS88loJdn8ot3P2AqXke1vcYGF0OOQgccmoHey8SIPfnF9UaHMGoz/tkfc08kS11t9dRJ8VXBAYM2USo7Q==
  dependencies:
    "@ax/axunit-docs" "1.5.4496"
    "@ax/axunit-library" "1.5.4496"
    "@ax/axunit-llvm-runner-gen" "1.5.4496"
    "@ax/axunit-runner-llvm" "1.5.4496"
    "@ax/axunit-runner-mc7plus" "1.5.4496"
    "@ax/build-native" "10.0.501"
    "@ax/target-axunit" "1.5.4496"

"@ax/build-native-linux@10.0.501":
  version "10.0.501"
  resolved "https://apax-prod-734703289705.d.codeartifact.eu-central-1.amazonaws.com:443/npm/ax/@ax/build-native-linux/-/build-native-linux-10.0.501.tgz#2cfc0c4fee1f7cd938aec488080357b156e19433"
  integrity sha512-Zw4o/5P5KE3zs3EsnovSXr7C5ROG2NBUr/xdG9+LEqp/a2hJVngCge/VsvBFiMOT8KtdRXIOVaIQp00KR9COsA==
  dependencies:
    "@ax/third-party-licenses-build-native" "10.0.501"

"@ax/build-native-winx64@10.0.501":
  version "10.0.501"
  resolved "https://apax-prod-734703289705.d.codeartifact.eu-central-1.amazonaws.com:443/npm/ax/@ax/build-native-winx64/-/build-native-winx64-10.0.501.tgz#3ce8c3159ebfdf0d0c727a5b833c6cae5ae05982"
  integrity sha512-+3VZ61qf4Hn8JQVaArrBDUrxkfo5oxdAbimmZj39H8Dhe5HNya/DF+CLzDSRkvGwoo3dK/3B20//CZApX8na7A==
  dependencies:
    "@ax/third-party-licenses-build-native" "10.0.501"

"@ax/build-native@10.0.501":
  version "10.0.501"
  resolved "https://apax-prod-734703289705.d.codeartifact.eu-central-1.amazonaws.com:443/npm/ax/@ax/build-native/-/build-native-10.0.501.tgz#90e58e732b8db71dd685eb0321e27bac4c9475ad"
  integrity sha512-1iru76VA/TGwxJfqRVUbm1XMDfvgCofAxAcL1PkjPg1oVoMbrSbFaqTqCn0E1GvujnKtpBlViZaYgFNRvUZF5w==
  dependencies:
    "@ax/third-party-licenses-build-native" "10.0.501"
  optionalDependencies:
    "@ax/build-native-linux" "10.0.501"
    "@ax/build-native-winx64" "10.0.501"

"@ax/diag-linux-x64@0.15.3":
  version "0.15.3"
  resolved "https://apax-prod-734703289705.d.codeartifact.eu-central-1.amazonaws.com:443/npm/ax/@ax/diag-linux-x64/-/diag-linux-x64-0.15.3.tgz#807929fda383f9cff08e2818c1fb0b0550f726a4"
  integrity sha512-kMvf0XolfWvsU6yJMNlPr3S0Gl+xon5RUZmBf1VrS0UaQMB97bZYzpuCcBXGLcYpfi3GlOVaKSxLq38JXkAuZA==
  dependencies:
    "@ax/third-party-licenses-monitor" "0.15.3"

"@ax/diag-win-x64@0.15.3":
  version "0.15.3"
  resolved "https://apax-prod-734703289705.d.codeartifact.eu-central-1.amazonaws.com:443/npm/ax/@ax/diag-win-x64/-/diag-win-x64-0.15.3.tgz#6d88e41ba32a79d6a815824081d87293f18d4432"
  integrity sha512-IYbQOxZxWu0yn+Ncj9B+m/SZC0uLA/WmGrY/O3Y+HV6T0ek4n/gvQGiz5J4ZSfCPJMygo54qC1oAxSE8LQeE6g==
  dependencies:
    "@ax/third-party-licenses-monitor" "0.15.3"

"@ax/diag@0.15.3":
  version "0.15.3"
  resolved "https://apax-prod-734703289705.d.codeartifact.eu-central-1.amazonaws.com:443/npm/ax/@ax/diag/-/diag-0.15.3.tgz#6732a71a0c1e2b429e5e67549af35d99b31343e3"
  integrity sha512-3V3sCXqvO6szF61XOsNzK/armgxMzHTMT48GebNXAKT+cw1P0Rhk2c6c0Z1lzH0KIoC7pCDFZ62VKaC1iyo2uQ==
  dependencies:
    "@ax/third-party-licenses-monitor" "0.15.3"
  optionalDependencies:
    "@ax/diag-linux-x64" "0.15.3"
    "@ax/diag-win-x64" "0.15.3"

"@ax/mod-linux-x64@0.15.5":
  version "0.15.5"
  resolved "https://apax-prod-734703289705.d.codeartifact.eu-central-1.amazonaws.com:443/npm/ax/@ax/mod-linux-x64/-/mod-linux-x64-0.15.5.tgz#6757df71c7c8bc3470926abbe786e51abf14ed49"
  integrity sha512-8G47xhysR40b2CJgZBq09nBQZ8Sc8nWUq8qiJAUoicUVRVA12hhq9qByAo43iemyKiV1B+YnDs1lXakveOnZyw==
  dependencies:
    "@ax/third-party-licenses-monitor" "0.15.5"

"@ax/mod-win-x64@0.15.5":
  version "0.15.5"
  resolved "https://apax-prod-734703289705.d.codeartifact.eu-central-1.amazonaws.com:443/npm/ax/@ax/mod-win-x64/-/mod-win-x64-0.15.5.tgz#7ae6e22ba22a0cbf3e8200c149bd294f5c7f3849"
  integrity sha512-xF9G4IJPA/zXzhOtFMNdfLa+YVdX50J7gFreEoNlkqyFeAgX0xWN6E+eAiCvg8CvFRF66KIIy6adrfwVkdqFpQ==
  dependencies:
    "@ax/third-party-licenses-monitor" "0.15.5"

"@ax/mod@0.15.5":
  version "0.15.5"
  resolved "https://apax-prod-734703289705.d.codeartifact.eu-central-1.amazonaws.com:443/npm/ax/@ax/mod/-/mod-0.15.5.tgz#8c7f0f2ef882275ad9cd9c80b76f185cb4f6efb9"
  integrity sha512-hHPyNZUO3T+6kk6ITps1EoJKn9jB3pUGVQKcE5TOidUkDme40CVZvUFLHQ6vK+Gxc/7qvEgHoq5ox7I63km/sg==
  dependencies:
    "@ax/third-party-licenses-monitor" "0.15.5"
  optionalDependencies:
    "@ax/mod-linux-x64" "0.15.5"
    "@ax/mod-win-x64" "0.15.5"

"@ax/mon-linux-x64@0.15.5":
  version "0.15.5"
  resolved "https://apax-prod-734703289705.d.codeartifact.eu-central-1.amazonaws.com:443/npm/ax/@ax/mon-linux-x64/-/mon-linux-x64-0.15.5.tgz#ec1005ee69bf2017d4ca5dba864ef16feeb005d3"
  integrity sha512-6gZY8D8kbyp1pt16RyYdvM5z0AcPzHRCrGblEZWHdXyWe0blll82F30STFmdxmU32zV848JtDJJQGBDGgH1FXQ==
  dependencies:
    "@ax/third-party-licenses-monitor" "0.15.5"

"@ax/mon-win-x64@0.15.5":
  version "0.15.5"
  resolved "https://apax-prod-734703289705.d.codeartifact.eu-central-1.amazonaws.com:443/npm/ax/@ax/mon-win-x64/-/mon-win-x64-0.15.5.tgz#bc2b27833bddd7d7e4140a256ddc18495c327abb"
  integrity sha512-29li1/gEehpDkO/djmrY6RXtynGYFRC5Wkgi9m4KahY4hXCbgt3EP15e0m7LonpqP0sOuzBg509ZYRzAty1S0A==
  dependencies:
    "@ax/third-party-licenses-monitor" "0.15.5"

"@ax/mon@0.15.5":
  version "0.15.5"
  resolved "https://apax-prod-734703289705.d.codeartifact.eu-central-1.amazonaws.com:443/npm/ax/@ax/mon/-/mon-0.15.5.tgz#12707ca8c82da4aaf01f44deb961f574be8bfa9b"
  integrity sha512-tlxC1eMdNWo3i7LNZ3cLd8muFkEezoqZtlJhU+t63hJMCYXjEGj8zsY7JdBiBvFQG1GOYmxmDKZVWL/0aQRDxg==
  dependencies:
    "@ax/third-party-licenses-monitor" "0.15.5"
  optionalDependencies:
    "@ax/mon-linux-x64" "0.15.5"
    "@ax/mon-win-x64" "0.15.5"

"@ax/sdb-linux-x64@0.15.5":
  version "0.15.5"
  resolved "https://apax-prod-734703289705.d.codeartifact.eu-central-1.amazonaws.com:443/npm/ax/@ax/sdb-linux-x64/-/sdb-linux-x64-0.15.5.tgz#eec51d3ece3ba18181e690bcb7f0dd6bbfd06d4c"
  integrity sha512-iaD1hRFHyk8QObWIgVSKfIavQSnpeJQRPKFeeTwKLr0Yvl0hy7uGKybRmKb5puQyBJfCEx3QZ23XemJcv5TL1w==
  dependencies:
    "@ax/third-party-licenses-monitor" "0.15.5"

"@ax/sdb-win-x64@0.15.5":
  version "0.15.5"
  resolved "https://apax-prod-734703289705.d.codeartifact.eu-central-1.amazonaws.com:443/npm/ax/@ax/sdb-win-x64/-/sdb-win-x64-0.15.5.tgz#bfdb861ceac9297c832473376029b024778f30ff"
  integrity sha512-GJEEcmQK7+OuUS22AXJ4/cCg9Ql7IHtAN0MU8xxaGrT4m5ltaxLAbnWq0351q55KLWRj62/CmbYLk+udre04bg==
  dependencies:
    "@ax/third-party-licenses-monitor" "0.15.5"

"@ax/sdb@0.15.5":
  version "0.15.5"
  resolved "https://apax-prod-734703289705.d.codeartifact.eu-central-1.amazonaws.com:443/npm/ax/@ax/sdb/-/sdb-0.15.5.tgz#9bfa40dea1957b016b5e57c4ac7f362a861d0788"
  integrity sha512-p6jpS3zvEn2d8WepFaOSZ4htaKSydNfZn/fjPvSLwrERbFp0BAtC1WO7rxhk3vZdO0e18Ytha1WfyBrffi4Z1Q==
  dependencies:
    "@ax/third-party-licenses-monitor" "0.15.5"
  optionalDependencies:
    "@ax/sdb-linux-x64" "0.15.5"
    "@ax/sdb-win-x64" "0.15.5"

"@ax/sdk@1.0.144":
  version "1.0.144"
  resolved "https://apax-prod-734703289705.d.codeartifact.eu-central-1.amazonaws.com:443/npm/ax/@ax/sdk/-/sdk-1.0.144.tgz#07bf1884759d51d502fd16f02963d6dde7ed9dcd"
  integrity sha512-sm9u6AZH1cmwPOZyj0WTfl0/97tGU3Hz34lo8nQVPSp6+fzTAjDhf++WTWw0s24p7a0He61Akq0plLoE+t2row==
  dependencies:
    "@ax/axunit" "1.5.4496"
    "@ax/diag" "0.15.3"
    "@ax/st" "1.0.144"
    "@ax/target-llvm" "2.1.36"
    "@ax/target-mc7plus" "2.1.36"
  optionalDependencies:
    "@ax/mod" "0.15.5"
    "@ax/mon" "0.15.5"
    "@ax/sdb" "0.15.5"
    "@ax/sld" "0.10.5"

"@ax/sld-linux-x64@0.10.5":
  version "0.10.5"
  resolved "https://apax-prod-734703289705.d.codeartifact.eu-central-1.amazonaws.com:443/npm/ax/@ax/sld-linux-x64/-/sld-linux-x64-0.10.5.tgz#c8b58ddb15125f7f5093f91b7e5a62681c3937cf"
  integrity sha512-Lt1iB+tZG2IetU+rjm9v70FwtvRA/RLMTk9CDUjg8DYj0MH0m5bJzqfl5pYNzo0/RoT04p5+DmbSKXzULWULxg==
  dependencies:
    "@ax/third-party-licenses-plc-loader" "0.10.5"

"@ax/sld-win-x64@0.10.5":
  version "0.10.5"
  resolved "https://apax-prod-734703289705.d.codeartifact.eu-central-1.amazonaws.com:443/npm/ax/@ax/sld-win-x64/-/sld-win-x64-0.10.5.tgz#9e300970d3e3193dff795ae6d2b438f42666eb42"
  integrity sha512-FjxtYWuyyIbQLZiT3GdrvtJqDFKydnKHOfjMotAKGqjdh5EAqtDQbrZ1y4b9A3Lf5/6pXzh7wnaAbp8HLEUQSA==
  dependencies:
    "@ax/third-party-licenses-plc-loader" "0.10.5"

"@ax/sld@0.10.5":
  version "0.10.5"
  resolved "https://apax-prod-734703289705.d.codeartifact.eu-central-1.amazonaws.com:443/npm/ax/@ax/sld/-/sld-0.10.5.tgz#74598740693cdb3cb9cb88fa4162157ceff3cd0e"
  integrity sha512-/hjOkq/FmOzKDmjxSCaHBiUNSec6wZmMSfVdKoBDC8eWcA1ylmlsO5LfBGCYUbscyEmRN/4UKRDFkI2eMyCrcw==
  dependencies:
    "@ax/third-party-licenses-plc-loader" "0.10.5"
  optionalDependencies:
    "@ax/sld-linux-x64" "0.10.5"
    "@ax/sld-win-x64" "0.10.5"

"@ax/st-docs@2.1.36":
  version "2.1.36"
  resolved "https://apax-prod-734703289705.d.codeartifact.eu-central-1.amazonaws.com:443/npm/ax/@ax/st-docs/-/st-docs-2.1.36.tgz#68aafce88c005071215f9ce30e9c6b3f616adb60"
  integrity sha512-OnQh6Blg7vVJyiQciKZXT1wgVC9IwSyn5xNJQTJnXRcUioMYaA2bJ4l/66FUIAKRL9cMXR6G3PTHkNuqcxngpA==
  dependencies:
    "@ax/third-party-licenses-st-compiler" "2.1.36"

"@ax/st@1.0.144":
  version "1.0.144"
  resolved "https://apax-prod-734703289705.d.codeartifact.eu-central-1.amazonaws.com:443/npm/ax/@ax/st/-/st-1.0.144.tgz#0e294de14f14ee8555167ee5fc196d8f570b64b1"
  integrity sha512-vRdNHRcLMOorEiKxWSBOYSAc+YkhQljRgd2NFoJWWDSQjgaZRbihS5NKhtM9kCIf0P3HQC/wGr3JxcnxfRra8Q==
  dependencies:
    "@ax/apax-build" "0.4.1"
    "@ax/stc" "2.1.36"

"@ax/stc-linux-x64@2.1.36":
  version "2.1.36"
  resolved "https://apax-prod-734703289705.d.codeartifact.eu-central-1.amazonaws.com:443/npm/ax/@ax/stc-linux-x64/-/stc-linux-x64-2.1.36.tgz#3c0727e542d47dc9bf0cec1bd06eaff6a9bccaa0"
  integrity sha512-0abnjlnjQKpybBkF77SZd/XJJcuSIusFxGz/++U4gSuEBisQXdBdFjTZ4ErBoVptHVbn6g8sEgrMFdu3559jNg==
  dependencies:
    "@ax/st-docs" "2.1.36"
    "@ax/third-party-licenses-st-compiler" "2.1.36"

"@ax/stc-win-x64@2.1.36":
  version "2.1.36"
  resolved "https://apax-prod-734703289705.d.codeartifact.eu-central-1.amazonaws.com:443/npm/ax/@ax/stc-win-x64/-/stc-win-x64-2.1.36.tgz#20f353c6473f4f3355e263733b2e85ae5403a301"
  integrity sha512-RLmVwOdfiNxHcnFf1Et+MTiFpIycXlXYlXgGKNyV/VE6uscNU7TNuESlq2LhwU3kesU83LzCKcjsiPlGsk0+Mw==
  dependencies:
    "@ax/st-docs" "2.1.36"
    "@ax/third-party-licenses-st-compiler" "2.1.36"

"@ax/stc@2.1.36":
  version "2.1.36"
  resolved "https://apax-prod-734703289705.d.codeartifact.eu-central-1.amazonaws.com:443/npm/ax/@ax/stc/-/stc-2.1.36.tgz#f4e449c90f03d56273cda81d1c47aca2b0144187"
  integrity sha512-di9r7HxEFZQWELB+zWmcBoO41p6VzFVeN1cys5tb/oo8MM6qOHG3rjNnazV4VpFyIOUVmFGMSU8cXgA6UbUS3A==
  dependencies:
    "@ax/third-party-licenses-st-compiler" "2.1.36"
  optionalDependencies:
    "@ax/stc-linux-x64" "2.1.36"
    "@ax/stc-win-x64" "2.1.36"

"@ax/system-math@1.0.32":
  version "1.0.32"
  resolved "https://apax-prod-734703289705.d.codeartifact.eu-central-1.amazonaws.com:443/npm/ax/@ax/system-math/-/system-math-1.0.32.tgz#d687db94e35aa3cc2259d7a3838d44ffce9de22f"
  integrity sha512-DO87l77JqcsbV6+87323QYnMxAFFmV1fNKTybSs6j/nC+SyCbonB04tXS1/0EnGMlP9eMCXgJmYRkQFTTcLgeQ==

"@ax/system-strings@2.0.13":
  version "2.0.13"
  resolved "https://apax-prod-734703289705.d.codeartifact.eu-central-1.amazonaws.com:443/npm/ax/@ax/system-strings/-/system-strings-2.0.13.tgz#036741934960260e86c586f780432ac3a3f44c8d"
  integrity sha512-fR4clDt1IF6ipZeifU4kHjeaJIzA4sxR4j5iRexiBCQQ1/Jn00skKZXhmsxJY3AmBOprk8cWlsz4PcAc0xA1bA==

"@ax/target-axunit@1.5.4496":
  version "1.5.4496"
  resolved "https://apax-prod-734703289705.d.codeartifact.eu-central-1.amazonaws.com:443/npm/ax/@ax/target-axunit/-/target-axunit-1.5.4496.tgz#87ab20fad2b3d63adeed99b61c9f640b069e1a3c"
  integrity sha512-ItRyJXDVsoxFiUYhpdWOglYkOsEp7SLOj0HkLdrBczBY0Jy+t7XIRNYVxzqxAcSLKi4jMiiZM4BKADy8mPcApw==

"@ax/target-llvm-linux-x64@2.1.36":
  version "2.1.36"
  resolved "https://apax-prod-734703289705.d.codeartifact.eu-central-1.amazonaws.com:443/npm/ax/@ax/target-llvm-linux-x64/-/target-llvm-linux-x64-2.1.36.tgz#0bb5cf7dfb77ad5786884896011947c5ac40c89b"
  integrity sha512-USPCc24dN8o41CY8VFlpmCzCksFYx5G3k+xznC6VewFAw4g+nHtHbcOY9eiYPqV3GgX3PPvE5XZcfH8t3/aYjg==
  dependencies:
    "@ax/third-party-licenses-st-compiler" "2.1.36"

"@ax/target-llvm-win-x64@2.1.36":
  version "2.1.36"
  resolved "https://apax-prod-734703289705.d.codeartifact.eu-central-1.amazonaws.com:443/npm/ax/@ax/target-llvm-win-x64/-/target-llvm-win-x64-2.1.36.tgz#985f6dfc39fda586813fcf14c016618fb33d2eb1"
  integrity sha512-jmyUUM3n/CGVXu08IqKo0BN5NVVf9S1/vaBmuJpmOUGn2FyNFKWUgomqjdX/LrHyC53ns9GJXV3kNGewAZ8MkQ==
  dependencies:
    "@ax/third-party-licenses-st-compiler" "2.1.36"

"@ax/target-llvm@2.1.36":
  version "2.1.36"
  resolved "https://apax-prod-734703289705.d.codeartifact.eu-central-1.amazonaws.com:443/npm/ax/@ax/target-llvm/-/target-llvm-2.1.36.tgz#8461cae5e612e4d11fc24d29614077f8063fe600"
  integrity sha512-zieoYDFn52+A1S4irQu7axySpNo5NHyzwotfDBEDOdk+hlP+GL03h0HYZMFIxXjjXZX9FO0lvvdWIomqRfSJ6A==
  dependencies:
    "@ax/third-party-licenses-st-compiler" "2.1.36"
  optionalDependencies:
    "@ax/target-llvm-linux-x64" "2.1.36"
    "@ax/target-llvm-win-x64" "2.1.36"

"@ax/target-mc7plus-linux-x64@2.1.36":
  version "2.1.36"
  resolved "https://apax-prod-734703289705.d.codeartifact.eu-central-1.amazonaws.com:443/npm/ax/@ax/target-mc7plus-linux-x64/-/target-mc7plus-linux-x64-2.1.36.tgz#242413fe0468a6f7d4802389ad641cf15e3161fa"
  integrity sha512-kT6RYH1+TMGkndKGQigtMnVwlXwkVRf6k5Tz+sLVkpFwUnThC0NV5qj4EMdHub2O0waOUWMxD0lZwyym6aov+Q==
  dependencies:
    "@ax/third-party-licenses-st-compiler" "2.1.36"

"@ax/target-mc7plus-win-x64@2.1.36":
  version "2.1.36"
  resolved "https://apax-prod-734703289705.d.codeartifact.eu-central-1.amazonaws.com:443/npm/ax/@ax/target-mc7plus-win-x64/-/target-mc7plus-win-x64-2.1.36.tgz#0b13cb863419314abfefae8a95ceb2b39b87e644"
  integrity sha512-mbSKjxQHyht4dq/eaj3conyW/5Yd8essLsXgNsFxZpQ4PbEj8O/FONrZZMH82uLpxCpGpYUELiqv0HHNkfncYg==
  dependencies:
    "@ax/third-party-licenses-st-compiler" "2.1.36"

"@ax/target-mc7plus@2.1.36":
  version "2.1.36"
  resolved "https://apax-prod-734703289705.d.codeartifact.eu-central-1.amazonaws.com:443/npm/ax/@ax/target-mc7plus/-/target-mc7plus-2.1.36.tgz#3d8309f5c460c777e61d4d4527e5ff9ed3168cc0"
  integrity sha512-iLs9qtRK66Uq74HJuznrY4RMVDQLvwolW0Bch9cwKlwFRHUn+3B/amQP1ICbimiLHT32osB8S0/g8/d6ZmaZyg==
  dependencies:
    "@ax/third-party-licenses-st-compiler" "2.1.36"
  optionalDependencies:
    "@ax/target-mc7plus-linux-x64" "2.1.36"
    "@ax/target-mc7plus-win-x64" "2.1.36"

"@ax/third-party-licenses-apax-build@0.4.1":
  version "0.4.1"
  resolved "https://apax-prod-734703289705.d.codeartifact.eu-central-1.amazonaws.com:443/npm/ax/@ax/third-party-licenses-apax-build/-/third-party-licenses-apax-build-0.4.1.tgz#50a21469262f3fd90da6e3b9af9b44bdaea785ec"
  integrity sha512-/YgYAtdgvpRdwAKfRBcn+/ghDSEkUy6apvVqAbz0BiGseq1L5EhRbe0E2O6aoylo4gykGv0ZvzztJw+sf4Ch7Q==

"@ax/third-party-licenses-build-native@10.0.501":
  version "10.0.501"
  resolved "https://apax-prod-734703289705.d.codeartifact.eu-central-1.amazonaws.com:443/npm/ax/@ax/third-party-licenses-build-native/-/third-party-licenses-build-native-10.0.501.tgz#32574732ff16694aa54ece5f543712bd9b6e05f0"
  integrity sha512-+3jSBG7VnaarKBmu61sWfi3PJE1lZOFKD4WnP5oLQIjZLbsDhA8zeW8okYaBGtvah+pZL+qK+xkPfRdP3AJQSg==

"@ax/third-party-licenses-monitor@0.15.3":
  version "0.15.3"
  resolved "https://apax-prod-734703289705.d.codeartifact.eu-central-1.amazonaws.com:443/npm/ax/@ax/third-party-licenses-monitor/-/third-party-licenses-monitor-0.15.3.tgz#58ed6294bfe16301a9adcaed9536daf80612669a"
  integrity sha512-ropfzKOyt/5vx0GL8fa+BeNTSxmh1KOsyGAzXxP/M6/gChLIKAWbr+ng/mE3QFEUbQyaiV3HXA7PJafEtLGMCw==

"@ax/third-party-licenses-monitor@0.15.5":
  version "0.15.5"
  resolved "https://apax-prod-734703289705.d.codeartifact.eu-central-1.amazonaws.com:443/npm/ax/@ax/third-party-licenses-monitor/-/third-party-licenses-monitor-0.15.5.tgz#0392a5b0333b31e4ff1db061ddfc8ecdcc375b39"
  integrity sha512-pMgEeWEDOJdTMv14ZPsN0tLIav83iuU8Qi5lVQ3wTG+WSqo4NyW+pMJvFiJ3bH4KTYARWA8qcAMh8TZMl4XX8g==

"@ax/third-party-licenses-plc-loader@0.10.5":
  version "0.10.5"
  resolved "https://apax-prod-734703289705.d.codeartifact.eu-central-1.amazonaws.com:443/npm/ax/@ax/third-party-licenses-plc-loader/-/third-party-licenses-plc-loader-0.10.5.tgz#0b6c66dd30e12ed1b156b6f6d9aa177220635cf6"
  integrity sha512-AWVvtxtHYro2evewcdviPa9+QBiWiSx46Dql1vUNN+znKTk6e7rTICRovquc3z0pTIyvxGfQl43JpbkBw6XWhg==

"@ax/third-party-licenses-st-compiler@2.1.36":
  version "2.1.36"
  resolved "https://apax-prod-734703289705.d.codeartifact.eu-central-1.amazonaws.com:443/npm/ax/@ax/third-party-licenses-st-compiler/-/third-party-licenses-st-compiler-2.1.36.tgz#bcae26288e75d9e784ef3721c6a89b69b96e8e9e"
  integrity sha512-Ff65DOb1ndNkn90o35LaPss7guw4hlbQkYQzkxVvFMp/GJJuL3eUfc+1kpcbBXBFWiyhM8R34hFPMcK5gZPYRA==

"@simatic-ax/snippetscollection@0.0.6":
  version "0.0.6"
  resolved "https://npm.pkg.github.com/download/@simatic-ax/snippetscollection/0.0.6/0c5dfb121a478816973432d8fefd7c4868da78031f8fe12eeacb067e6a7656b4#9bfb71c62d44e7b95ab0798e9ac46366290884fc"
  integrity sha512-BohhLC7n3pHP5QRPaNXbt0tQXNgGKvuWBsohJ+Jzj+tgOU9o6K6i6l8CHaTsFev5Lq0I08jRyfIdCJ/gfJy+BA==
