# THIS IS AN AUTOGENERATED FILE. DO NOT EDIT THIS FILE DIRECTLY.
# yarn lockfile v1


"@ax/apax-build@0.4.1":
  version "0.4.1"
  resolved "https://apax-prod-734703289705.d.codeartifact.eu-central-1.amazonaws.com:443/npm/ax/@ax/apax-build/-/apax-build-0.4.1.tgz#634fd5faf0f1f63dfd731fbf66f031043873dee6"
  integrity sha512-WXA+SNLJpNknHaJt6gaF534flAkAR9HHat7aQg6Pn+ejG/q1a1a99UgLe/1egVSH+O/XOc0tU1N0tfSVfLXf7g==
  dependencies:
    "@ax/third-party-licenses-apax-build" "0.4.1"

"@ax/axunit-docs@1.5.4647":
  version "1.5.4647"
  resolved "https://apax-prod-734703289705.d.codeartifact.eu-central-1.amazonaws.com:443/npm/ax/@ax/axunit-docs/-/axunit-docs-1.5.4647.tgz#13ace00a6e980190a741888debdf3ba459f4dc3a"
  integrity sha512-IcG9o6zdJBAa+/R9rrp4ATnBUgrbxWFPR8r+UWIJ8anXnYom16iGjf5ei/J24GkudKMfc5fkO7E5v49Y3kRh4A==

"@ax/axunit-library@1.5.4647":
  version "1.5.4647"
  resolved "https://apax-prod-734703289705.d.codeartifact.eu-central-1.amazonaws.com:443/npm/ax/@ax/axunit-library/-/axunit-library-1.5.4647.tgz#bc1e81957a4665f8261263deea57ffd368e458cb"
  integrity sha512-6W2w85rr1/3/1pTDnmb0yJ1yxUOUrLj0u3coIZmb/2+L1jx4Nbha/k4atdTXRsHaFMA+c9llJ7+YGqC+mBW67g==

"@ax/axunit-llvm-runner-gen@1.5.4647":
  version "1.5.4647"
  resolved "https://apax-prod-734703289705.d.codeartifact.eu-central-1.amazonaws.com:443/npm/ax/@ax/axunit-llvm-runner-gen/-/axunit-llvm-runner-gen-1.5.4647.tgz#495dfef90b470549397967c931b62553963898e4"
  integrity sha512-uWwD1PULmvBHsmx5UkXSWCky+LyI2PYDr3Olqcs7i9GvOR+LhBhVJrzsx+k4QjHwku0Zpy0N8ge0V43iAYaUow==

"@ax/axunit-runner-llvm-linux-x64@1.5.4647":
  version "1.5.4647"
  resolved "https://apax-prod-734703289705.d.codeartifact.eu-central-1.amazonaws.com:443/npm/ax/@ax/axunit-runner-llvm-linux-x64/-/axunit-runner-llvm-linux-x64-1.5.4647.tgz#4204eafa9ef70a41eb2c90d52e0b2f899496fa0f"
  integrity sha512-l6+lS8Ucg9btWdATlbtBVWemf1QbZo0pwH6URg2xuyyo9WimEZFMSQ+yMdqfvRqSB7t7saAJOgD2kJ98PSwA2A==

"@ax/axunit-runner-llvm-win-x64@1.5.4647":
  version "1.5.4647"
  resolved "https://apax-prod-734703289705.d.codeartifact.eu-central-1.amazonaws.com:443/npm/ax/@ax/axunit-runner-llvm-win-x64/-/axunit-runner-llvm-win-x64-1.5.4647.tgz#67e7bf28df5107f7baa91d439040af21b211a8ed"
  integrity sha512-UBjYWnf9MNiYJ5FeLK1toMHrvOCThrKqBlXcVz54W6+gVVxH0YWArdBIJfeg7yEXJu3VFdwcdxMXOVIlRMupKA==

"@ax/axunit-runner-llvm@1.5.4647":
  version "1.5.4647"
  resolved "https://apax-prod-734703289705.d.codeartifact.eu-central-1.amazonaws.com:443/npm/ax/@ax/axunit-runner-llvm/-/axunit-runner-llvm-1.5.4647.tgz#a72e2d628916b320b7156475ce56314800f4635f"
  integrity sha512-GgRbWknSjvziLd3pTVyfCu3kt1uzqwhSsrq8Z4rhK+JtwlsCl4VprdBBYZN7VSnOB/LMylfPzZloHsaY1fX6Kg==
  optionalDependencies:
    "@ax/axunit-runner-llvm-linux-x64" "1.5.4647"
    "@ax/axunit-runner-llvm-win-x64" "1.5.4647"

"@ax/axunit-runner-mc7plus-win-x64@1.5.4647":
  version "1.5.4647"
  resolved "https://apax-prod-734703289705.d.codeartifact.eu-central-1.amazonaws.com:443/npm/ax/@ax/axunit-runner-mc7plus-win-x64/-/axunit-runner-mc7plus-win-x64-1.5.4647.tgz#ea8f8049e4263f0da2c84919cabf2ade1868b13c"
  integrity sha512-R5LuGvt60XDuAoc55+dV+W3A9deW/uOBD83EtTjX+39VN/V4CrEUF1EhcDUC1V5RKwT4vmEp8q5dY108/JmTOQ==

"@ax/axunit-runner-mc7plus@1.5.4647":
  version "1.5.4647"
  resolved "https://apax-prod-734703289705.d.codeartifact.eu-central-1.amazonaws.com:443/npm/ax/@ax/axunit-runner-mc7plus/-/axunit-runner-mc7plus-1.5.4647.tgz#050e5563aef668e85387fb65bb32ee1ae7ea0632"
  integrity sha512-+oI9saDzh7NlU+OmzCprp536cZdKccg8MnC2fbMlmLx7VEeW8nikhEDSACRP1JPA27NQAzsV0v8iiNllDLyBWg==
  optionalDependencies:
    "@ax/axunit-runner-mc7plus-win-x64" "1.5.4647"

"@ax/axunit@1.5.4647":
  version "1.5.4647"
  resolved "https://apax-prod-734703289705.d.codeartifact.eu-central-1.amazonaws.com:443/npm/ax/@ax/axunit/-/axunit-1.5.4647.tgz#3cafce98d32d4de587fc14866953700f3287a8c6"
  integrity sha512-ktICn3/2VvLIzhvFwqPtw9j3mwQboCiBNAiwyG6PK9ck47RcCdYBDzShjzYptdUBbcCiXUQCViFN2txe7UMWEw==
  dependencies:
    "@ax/axunit-docs" "1.5.4647"
    "@ax/axunit-library" "1.5.4647"
    "@ax/axunit-llvm-runner-gen" "1.5.4647"
    "@ax/axunit-runner-llvm" "1.5.4647"
    "@ax/axunit-runner-mc7plus" "1.5.4647"
    "@ax/build-native" "10.1.1"
    "@ax/target-axunit" "1.5.4647"

"@ax/build-native-linux@10.1.1":
  version "10.1.1"
  resolved "https://apax-prod-734703289705.d.codeartifact.eu-central-1.amazonaws.com:443/npm/ax/@ax/build-native-linux/-/build-native-linux-10.1.1.tgz#1a54ad440431aff7da010987e969b4af693dcb61"
  integrity sha512-dNNWZGLl8+CtHvojcU+7c3bLFKehkzulrpDdmxzRGq2cb1GwokoNPUBRqB0yQtbW0pTJkXvUAuI9qf8T48PTew==
  dependencies:
    "@ax/third-party-licenses-build-native" "10.1.1"

"@ax/build-native-winx64@10.1.1":
  version "10.1.1"
  resolved "https://apax-prod-734703289705.d.codeartifact.eu-central-1.amazonaws.com:443/npm/ax/@ax/build-native-winx64/-/build-native-winx64-10.1.1.tgz#ac7866efff3c3e468827aea9420721d85ac5c6eb"
  integrity sha512-kZnFeTxt+GoVeo+IXTqlGMRLt5iwwtSdpXpyPdyM5DAOAafU2pyBrl7ZkR8SOtwbTG7eXxGrHo5w/rMmhHLZkA==
  dependencies:
    "@ax/third-party-licenses-build-native" "10.1.1"

"@ax/build-native@10.1.1":
  version "10.1.1"
  resolved "https://apax-prod-734703289705.d.codeartifact.eu-central-1.amazonaws.com:443/npm/ax/@ax/build-native/-/build-native-10.1.1.tgz#faa2aeb23c10f9384d88c1f46398f2b4fbbfc972"
  integrity sha512-C1Pwo0dMa21gV1CbqT9umaurHPY4otd8dvlx7zVOlXfEmbgACort5u3K7TeWMNSLdsuBvfkivxrZNWsOkHTtAQ==
  dependencies:
    "@ax/third-party-licenses-build-native" "10.1.1"
  optionalDependencies:
    "@ax/build-native-linux" "10.1.1"
    "@ax/build-native-winx64" "10.1.1"

"@ax/diag-linux-x64@0.16.1":
  version "0.16.1"
  resolved "https://apax-prod-734703289705.d.codeartifact.eu-central-1.amazonaws.com:443/npm/ax/@ax/diag-linux-x64/-/diag-linux-x64-0.16.1.tgz#f1839384c9d2996f53772283d08bc2cc5b37c84a"
  integrity sha512-uYniRi0Dx5q3mM145+BR0Sex8tNrd7p8n1R1+YCyC/Gx00or4od9KoAE8kZX0g+1C+InZJXWCq69HH2CKON9vg==
  dependencies:
    "@ax/third-party-licenses-monitor" "0.16.1"

"@ax/diag-win-x64@0.16.1":
  version "0.16.1"
  resolved "https://apax-prod-734703289705.d.codeartifact.eu-central-1.amazonaws.com:443/npm/ax/@ax/diag-win-x64/-/diag-win-x64-0.16.1.tgz#404b0e8c97836b51040aa6441c2daf17a60099cb"
  integrity sha512-NX4xgZgeeaBhhx+P5wjLSig78iAdZ/y2kfyPoff3iB1n76zDlC74m+x695Hl50y8xmN9pu0dR02Wtlt/5snXnQ==
  dependencies:
    "@ax/third-party-licenses-monitor" "0.16.1"

"@ax/diag@0.16.1":
  version "0.16.1"
  resolved "https://apax-prod-734703289705.d.codeartifact.eu-central-1.amazonaws.com:443/npm/ax/@ax/diag/-/diag-0.16.1.tgz#2679649b8b2de8953de9897d1dd9a62d40c34c46"
  integrity sha512-79he2JjC4q0akibm+BLMSEjelC94xNhJdwh1r71wEzEQsUD00NvbvWWztC3YUUClS0zjxlUTp+eKVuUz9OVaVA==
  dependencies:
    "@ax/third-party-licenses-monitor" "0.16.1"
  optionalDependencies:
    "@ax/diag-linux-x64" "0.16.1"
    "@ax/diag-win-x64" "0.16.1"

"@ax/mod-linux-x64@0.16.1":
  version "0.16.1"
  resolved "https://apax-prod-734703289705.d.codeartifact.eu-central-1.amazonaws.com:443/npm/ax/@ax/mod-linux-x64/-/mod-linux-x64-0.16.1.tgz#39887b60daa0ca2270776b525423aa3dbb7d3ac5"
  integrity sha512-BIMxgah8hLGq2+3o6jE/poGsN7uxHZMeJwZVXEPbSJ+6ClnRir9tDn9efHSk8H10f8BrGBcJ1H9O/7MCJ9GluA==
  dependencies:
    "@ax/third-party-licenses-monitor" "0.16.1"

"@ax/mod-win-x64@0.16.1":
  version "0.16.1"
  resolved "https://apax-prod-734703289705.d.codeartifact.eu-central-1.amazonaws.com:443/npm/ax/@ax/mod-win-x64/-/mod-win-x64-0.16.1.tgz#7eab4e9bf8bb1a86eb10703714d882bd9d34d0f1"
  integrity sha512-2iq4py54OWuZl9dCTK+ufgrZrYJZqv/QzkE5XBy0j9VpNmYwPt0n82CHBSTqZUGBpEeY4h04mF4pgbtGBuwIgQ==
  dependencies:
    "@ax/third-party-licenses-monitor" "0.16.1"

"@ax/mod@0.16.1":
  version "0.16.1"
  resolved "https://apax-prod-734703289705.d.codeartifact.eu-central-1.amazonaws.com:443/npm/ax/@ax/mod/-/mod-0.16.1.tgz#d7a3efbb049040eecff501ed1b4931c4f4794c1b"
  integrity sha512-gwCgnl4qvQgVjkuhtEgjyxMMEq5AnQHVVxw7fD6eQ4jcM88+31eYxCHjmeiBQ5P0G6mTw+se7nFqeR3C4jKobw==
  dependencies:
    "@ax/third-party-licenses-monitor" "0.16.1"
  optionalDependencies:
    "@ax/mod-linux-x64" "0.16.1"
    "@ax/mod-win-x64" "0.16.1"

"@ax/mon-linux-x64@0.16.1":
  version "0.16.1"
  resolved "https://apax-prod-734703289705.d.codeartifact.eu-central-1.amazonaws.com:443/npm/ax/@ax/mon-linux-x64/-/mon-linux-x64-0.16.1.tgz#89d3a30b3058aa9ab931aa7f89cc0fa71bc046f4"
  integrity sha512-mDfEcClXb5NL+QoLwdzRyHwUWLv9Al9m271LnBYpS312CcfKNBKLsvxSrvcJBIqkqCDNFjJ+DO53P6B84jobmw==
  dependencies:
    "@ax/third-party-licenses-monitor" "0.16.1"

"@ax/mon-win-x64@0.16.1":
  version "0.16.1"
  resolved "https://apax-prod-734703289705.d.codeartifact.eu-central-1.amazonaws.com:443/npm/ax/@ax/mon-win-x64/-/mon-win-x64-0.16.1.tgz#75b85c1d5eb999130546712715d75599eee255f0"
  integrity sha512-i5rlxs3xz3KNbjddYxpyxRl9s3ypi9UVobRqXjqY8IrEH1eT1CXtqBMpp88YTtGOTM5q/p7pYdiD/xdax3RmXw==
  dependencies:
    "@ax/third-party-licenses-monitor" "0.16.1"

"@ax/mon@0.16.1":
  version "0.16.1"
  resolved "https://apax-prod-734703289705.d.codeartifact.eu-central-1.amazonaws.com:443/npm/ax/@ax/mon/-/mon-0.16.1.tgz#146a322469082cfd61957cfea2725010f580a70c"
  integrity sha512-mfwIr3SsXT9o2TPJ0VGPZ4xVrwJ1YvUfa5SJ+RU+Ayrxobb0WJ/6sNXjbjG7HFooxsaASpqYp3AOxwVwfQ2i9g==
  dependencies:
    "@ax/third-party-licenses-monitor" "0.16.1"
  optionalDependencies:
    "@ax/mon-linux-x64" "0.16.1"
    "@ax/mon-win-x64" "0.16.1"

"@ax/sdb-linux-x64@0.16.1":
  version "0.16.1"
  resolved "https://apax-prod-734703289705.d.codeartifact.eu-central-1.amazonaws.com:443/npm/ax/@ax/sdb-linux-x64/-/sdb-linux-x64-0.16.1.tgz#f82c2de80e0c7ebf7db03ad6bf908800193679c9"
  integrity sha512-3khDrXccPK183KNJrE66eNanwGQO+os7p+3e07WUelJW5fEgdzl94PCg2nfZIkeWcZF08gnVBuSkBZ41NAzbRQ==
  dependencies:
    "@ax/third-party-licenses-monitor" "0.16.1"

"@ax/sdb-win-x64@0.16.1":
  version "0.16.1"
  resolved "https://apax-prod-734703289705.d.codeartifact.eu-central-1.amazonaws.com:443/npm/ax/@ax/sdb-win-x64/-/sdb-win-x64-0.16.1.tgz#5d45feb4614828d19c0eca921df2baa6c3646627"
  integrity sha512-ljcRcQ1cEqrmRKWbAHfo118lYZNI7iMruqw7+47iuE+8akBUZGsUeJ3H7zMkoce1gq9RiZ84ZF8lGpTTUQNZeQ==
  dependencies:
    "@ax/third-party-licenses-monitor" "0.16.1"

"@ax/sdb@0.16.1":
  version "0.16.1"
  resolved "https://apax-prod-734703289705.d.codeartifact.eu-central-1.amazonaws.com:443/npm/ax/@ax/sdb/-/sdb-0.16.1.tgz#6d718cf7b55d5cabde21ab92a8322445554ca32e"
  integrity sha512-6D6DZbcBViC7+AE9o8ukdWoBAw6MbhEYvd22VQq5vMYQgAeJowtcB+rmVvPGC2g8c856WTuZ2z6UlhB1T3AN0A==
  dependencies:
    "@ax/third-party-licenses-monitor" "0.16.1"
  optionalDependencies:
    "@ax/sdb-linux-x64" "0.16.1"
    "@ax/sdb-win-x64" "0.16.1"

"@ax/sdk@1.0.158":
  version "1.0.158"
  resolved "https://apax-prod-734703289705.d.codeartifact.eu-central-1.amazonaws.com:443/npm/ax/@ax/sdk/-/sdk-1.0.158.tgz#8e1f334a600eb80226fcf04af8e886bfff0b5e72"
  integrity sha512-KTZR6iK6nixlDJKCiP/q20BWMYjNukxsNFPLZ3KOO3Ry5UDPylDzE0/shA1Q0L++7AyuCCDCAuM1XoUz/jWGuQ==
  dependencies:
    "@ax/axunit" "1.5.4647"
    "@ax/diag" "0.16.1"
    "@ax/mod" "0.16.1"
    "@ax/mon" "0.16.1"
    "@ax/sdb" "0.16.1"
    "@ax/sld" "0.11.1"
    "@ax/st" "1.0.158"
    "@ax/target-llvm" "2.4.4"
    "@ax/target-mc7plus" "2.4.4"

"@ax/sld-linux-x64@0.11.1":
  version "0.11.1"
  resolved "https://apax-prod-734703289705.d.codeartifact.eu-central-1.amazonaws.com:443/npm/ax/@ax/sld-linux-x64/-/sld-linux-x64-0.11.1.tgz#f6ce73057485c730794652724dcfd9e3cfebb494"
  integrity sha512-NSpkqWaWF+ExtqF4VdEltgqcYGLR2IUgwCzgolB8a3e9LOWnvVJUrRggFtLYYnWKQmt4uIF+lu8D6pgHMnBSAQ==
  dependencies:
    "@ax/third-party-licenses-plc-loader" "0.11.1"

"@ax/sld-win-x64@0.11.1":
  version "0.11.1"
  resolved "https://apax-prod-734703289705.d.codeartifact.eu-central-1.amazonaws.com:443/npm/ax/@ax/sld-win-x64/-/sld-win-x64-0.11.1.tgz#68edbf198210232888a47c2e7bb0c71200c44da9"
  integrity sha512-N6+QRnt5oFdeyJm8UBfxmX/VqXqv84wjHU2ABL1bw9ykkpUhHdggcBXRbUlaclf7my+yCzqAuOHGoJe2hvnbkQ==
  dependencies:
    "@ax/third-party-licenses-plc-loader" "0.11.1"

"@ax/sld@0.11.1":
  version "0.11.1"
  resolved "https://apax-prod-734703289705.d.codeartifact.eu-central-1.amazonaws.com:443/npm/ax/@ax/sld/-/sld-0.11.1.tgz#beb938beabad3de5c562e04d712dd55fcc72de36"
  integrity sha512-3J0bZbMvbGBYOFwqj++6IkgBZe/A48z8NlqclhgSuMwFSwnXlmVFY4dqtK9KbJueiENKHHVfXYkX6IEzciIkKQ==
  dependencies:
    "@ax/third-party-licenses-plc-loader" "0.11.1"
  optionalDependencies:
    "@ax/sld-linux-x64" "0.11.1"
    "@ax/sld-win-x64" "0.11.1"

"@ax/st-docs@2.4.4":
  version "2.4.4"
  resolved "https://apax-prod-734703289705.d.codeartifact.eu-central-1.amazonaws.com:443/npm/ax/@ax/st-docs/-/st-docs-2.4.4.tgz#af0a3879d8fdbccc75578d6385815d17dee90838"
  integrity sha512-oc8+v1nenZq0oAT6fEIz93yvQWkTNq+OtjXnDfaGtqq9eW8QnLNPeNpvlYHw/1ymbbauidDLdgY5N1IjGRWeGQ==
  dependencies:
    "@ax/third-party-licenses-st-compiler" "2.4.4"

"@ax/st@1.0.158":
  version "1.0.158"
  resolved "https://apax-prod-734703289705.d.codeartifact.eu-central-1.amazonaws.com:443/npm/ax/@ax/st/-/st-1.0.158.tgz#c88aa0144dbd954d27f6a6af5d8d69778c54df68"
  integrity sha512-ZUrEJlWauskpE6tJs8feGpungHClwsJvbAaI/VP8OFJ4Qban7G3ivAsRaBJZSox2lrkKAJat5/1NZ1zxYDRFjg==
  dependencies:
    "@ax/apax-build" "0.4.1"
    "@ax/stc" "2.4.4"

"@ax/stc-linux-x64@2.4.4":
  version "2.4.4"
  resolved "https://apax-prod-734703289705.d.codeartifact.eu-central-1.amazonaws.com:443/npm/ax/@ax/stc-linux-x64/-/stc-linux-x64-2.4.4.tgz#42090f015166e809889d4e0987b0917d7d30ee23"
  integrity sha512-D2RgCYfjex0jW1NCB405AXSOck/BVukq1Mg0sXxSMUjUut0QnWUWluDaypomN+rDf/+z5siwNIzOfl+gA0024Q==
  dependencies:
    "@ax/st-docs" "2.4.4"
    "@ax/third-party-licenses-st-compiler" "2.4.4"

"@ax/stc-win-x64@2.4.4":
  version "2.4.4"
  resolved "https://apax-prod-734703289705.d.codeartifact.eu-central-1.amazonaws.com:443/npm/ax/@ax/stc-win-x64/-/stc-win-x64-2.4.4.tgz#44153a41f1a9b147c14513fc51eb740f991bdf25"
  integrity sha512-ODxNNIHl5mpnxYZYdfWFfeFXB72ZGse6LiIFfj9gwKcyLDxDH8wVT2DuNrM+0ABFoMOpthU/4AFBvhRY716gMA==
  dependencies:
    "@ax/st-docs" "2.4.4"
    "@ax/third-party-licenses-st-compiler" "2.4.4"

"@ax/stc@2.4.4":
  version "2.4.4"
  resolved "https://apax-prod-734703289705.d.codeartifact.eu-central-1.amazonaws.com:443/npm/ax/@ax/stc/-/stc-2.4.4.tgz#0c1cc12785d74587143228695a02850510126e5b"
  integrity sha512-ByQcXHzQEuw79feg025vxIgWmw/VUNOgCvi0dMjpK+dkqYTGNZE84gkDb5GBRJsHwkyHpfITLdQMnnEbfB1i1g==
  dependencies:
    "@ax/third-party-licenses-st-compiler" "2.4.4"
  optionalDependencies:
    "@ax/stc-linux-x64" "2.4.4"
    "@ax/stc-win-x64" "2.4.4"

"@ax/system-math@1.1.13":
  version "1.1.13"
  resolved "https://apax-prod-734703289705.d.codeartifact.eu-central-1.amazonaws.com:443/npm/ax/@ax/system-math/-/system-math-1.1.13.tgz#6b3accc89e9c7b1b4ccee359fbfee3fd23f609e6"
  integrity sha512-QFOhatw/S2rJXyg3bkqYuzDQa/M/Tdtqilp8kl8D3UuywQ6duyw4tcdzHlDDUTd2MS+Fq80m+cllhTPD+A1HEA==

"@ax/system-strings@2.1.6":
  version "2.1.6"
  resolved "https://apax-prod-734703289705.d.codeartifact.eu-central-1.amazonaws.com:443/npm/ax/@ax/system-strings/-/system-strings-2.1.6.tgz#9058abf2a8efeefb685397862e8694d1bd5eb902"
  integrity sha512-iFGQNeXUVXEhMQxAI1L6TilDNxurLGIRBS7zuilvnMkhQ04hpVFqurfrtBYIk+W7EqjCXQGIgX0E3JHdOrO2PA==

"@ax/target-axunit@1.5.4647":
  version "1.5.4647"
  resolved "https://apax-prod-734703289705.d.codeartifact.eu-central-1.amazonaws.com:443/npm/ax/@ax/target-axunit/-/target-axunit-1.5.4647.tgz#a8ec1720cc717c041675343c3932bc041cd43c95"
  integrity sha512-1X0TKntxez5i3ZHtgVhhsGTV3V5gAJgymzQEwLoXt8S43Lzvc5sLAhkyd1JO/lHn4p86J+lIn86mFevGUFvPJQ==

"@ax/target-llvm-linux-x64@2.4.4":
  version "2.4.4"
  resolved "https://apax-prod-734703289705.d.codeartifact.eu-central-1.amazonaws.com:443/npm/ax/@ax/target-llvm-linux-x64/-/target-llvm-linux-x64-2.4.4.tgz#0031db17ead387e9138a1ddbc51bb0ccda7a078d"
  integrity sha512-5Lucm0LaaWnu2jCI7Epj424WVcC5N8RbdA/nAlhRpknTflz8wORFEBQC1OKnikiDEjzi/6CyIEaMARZGRksWLA==
  dependencies:
    "@ax/third-party-licenses-st-compiler" "2.4.4"

"@ax/target-llvm-win-x64@2.4.4":
  version "2.4.4"
  resolved "https://apax-prod-734703289705.d.codeartifact.eu-central-1.amazonaws.com:443/npm/ax/@ax/target-llvm-win-x64/-/target-llvm-win-x64-2.4.4.tgz#88390b4e32d806eb323050849eb1f2dfd056b01d"
  integrity sha512-+O3PPz3rMLRa/YdBdVPXDaVhtHsgk8QCIBYvAAS/83kWxkpyc/KHXzR2xfIp/PhCu/4wJT5g4/kDiY8LdG14kA==
  dependencies:
    "@ax/third-party-licenses-st-compiler" "2.4.4"

"@ax/target-llvm@2.4.4":
  version "2.4.4"
  resolved "https://apax-prod-734703289705.d.codeartifact.eu-central-1.amazonaws.com:443/npm/ax/@ax/target-llvm/-/target-llvm-2.4.4.tgz#931fa9d5332e2317b26c28cee78beadfb36fb9dd"
  integrity sha512-8bPjqjCO9ttXYbt5gO2lMZvM9oCVXkLnMt7dqRDUdKTrU23Dd6a8vGso1pUFPq+5rxVIz3XQXx4RmnY5BjseXQ==
  dependencies:
    "@ax/third-party-licenses-st-compiler" "2.4.4"
  optionalDependencies:
    "@ax/target-llvm-linux-x64" "2.4.4"
    "@ax/target-llvm-win-x64" "2.4.4"

"@ax/target-mc7plus-linux-x64@2.4.4":
  version "2.4.4"
  resolved "https://apax-prod-734703289705.d.codeartifact.eu-central-1.amazonaws.com:443/npm/ax/@ax/target-mc7plus-linux-x64/-/target-mc7plus-linux-x64-2.4.4.tgz#a16ef4870b778e440e40368e365798667f7974d4"
  integrity sha512-29gv1o43ezuaRRHIifJFb4xC+6O9TrLC46Ox3EN1hO+a1XrPxL68eB2Hn/pv46T8+eSqYoIatEjBmDcG3OZBBA==
  dependencies:
    "@ax/third-party-licenses-st-compiler" "2.4.4"

"@ax/target-mc7plus-win-x64@2.4.4":
  version "2.4.4"
  resolved "https://apax-prod-734703289705.d.codeartifact.eu-central-1.amazonaws.com:443/npm/ax/@ax/target-mc7plus-win-x64/-/target-mc7plus-win-x64-2.4.4.tgz#779549d7f8c535b11e6a781181b79bb1c89a8d94"
  integrity sha512-jBgzRBHliJkaY1k5pyfuZXDqLfr7CQQMw/q43njlts6Y+1u9nZ9Lv/nE2exopuyFX+VALeaD55uIBNgJSdMHfw==
  dependencies:
    "@ax/third-party-licenses-st-compiler" "2.4.4"

"@ax/target-mc7plus@2.4.4":
  version "2.4.4"
  resolved "https://apax-prod-734703289705.d.codeartifact.eu-central-1.amazonaws.com:443/npm/ax/@ax/target-mc7plus/-/target-mc7plus-2.4.4.tgz#4653a79b0fdb5f087a2d7b05ef598298742e25b4"
  integrity sha512-WpfLRVE+nrm5fPV+r2//nGnPRU1dxWa62D9y2io9fLtJA3kruulZnoDcNiOEZuQbP2xC1WBCtLh/5aQcUj6KLw==
  dependencies:
    "@ax/third-party-licenses-st-compiler" "2.4.4"
  optionalDependencies:
    "@ax/target-mc7plus-linux-x64" "2.4.4"
    "@ax/target-mc7plus-win-x64" "2.4.4"

"@ax/third-party-licenses-apax-build@0.4.1":
  version "0.4.1"
  resolved "https://apax-prod-734703289705.d.codeartifact.eu-central-1.amazonaws.com:443/npm/ax/@ax/third-party-licenses-apax-build/-/third-party-licenses-apax-build-0.4.1.tgz#50a21469262f3fd90da6e3b9af9b44bdaea785ec"
  integrity sha512-/YgYAtdgvpRdwAKfRBcn+/ghDSEkUy6apvVqAbz0BiGseq1L5EhRbe0E2O6aoylo4gykGv0ZvzztJw+sf4Ch7Q==

"@ax/third-party-licenses-build-native@10.1.1":
  version "10.1.1"
  resolved "https://apax-prod-734703289705.d.codeartifact.eu-central-1.amazonaws.com:443/npm/ax/@ax/third-party-licenses-build-native/-/third-party-licenses-build-native-10.1.1.tgz#38ddd4758fd854bab71fd8213090a66b051c4502"
  integrity sha512-Da+AT0KujH3K9bKf4K4rqPA3Z+a/WDkw9p6328AlrSqgBIUFyUZzOM3eVOwhhjKCnmNAVSmtSp0r7crDFGICTw==

"@ax/third-party-licenses-monitor@0.16.1":
  version "0.16.1"
  resolved "https://apax-prod-734703289705.d.codeartifact.eu-central-1.amazonaws.com:443/npm/ax/@ax/third-party-licenses-monitor/-/third-party-licenses-monitor-0.16.1.tgz#0afcc618ceed7b1f9e3c278e1ed2d09201055eef"
  integrity sha512-4uvMqfEX7EjSAfEMSvxl3XDtpXU+KhSDObCa2aizqBOYb7cWEIi9KUDIZ8y+otbsZ5G1xjsklIIMCPS9AdmAfw==

"@ax/third-party-licenses-plc-loader@0.11.1":
  version "0.11.1"
  resolved "https://apax-prod-734703289705.d.codeartifact.eu-central-1.amazonaws.com:443/npm/ax/@ax/third-party-licenses-plc-loader/-/third-party-licenses-plc-loader-0.11.1.tgz#132607d5617760582e13b6e539cdac16836c487b"
  integrity sha512-fddIqSUtDp4ezrGkRB1aKuwgdSjsdxFQEmmAYlqB1U2pE6a7ZssJc8vuy/L5j2H98gaAED0ZKf+94d/HiO3SMA==

"@ax/third-party-licenses-st-compiler@2.4.4":
  version "2.4.4"
  resolved "https://apax-prod-734703289705.d.codeartifact.eu-central-1.amazonaws.com:443/npm/ax/@ax/third-party-licenses-st-compiler/-/third-party-licenses-st-compiler-2.4.4.tgz#7c104520b330adbefeac0585cc250375cccad2a0"
  integrity sha512-k64xchoCHD3qAkiNy7PF72FVrj+KrS1MO2ly1CDZGICOhyXkx6x2ti79UF3ruqNOHM2IUcJRjJGKR7qMWtG33A==

"@simatic-ax/snippetscollection@0.0.6":
  version "0.0.6"
  resolved "https://npm.pkg.github.com/download/@simatic-ax/snippetscollection/0.0.6/0c5dfb121a478816973432d8fefd7c4868da78031f8fe12eeacb067e6a7656b4#9bfb71c62d44e7b95ab0798e9ac46366290884fc"
  integrity sha512-BohhLC7n3pHP5QRPaNXbt0tQXNgGKvuWBsohJ+Jzj+tgOU9o6K6i6l8CHaTsFev5Lq0I08jRyfIdCJ/gfJy+BA==
